
Microsoft Visual Studio Solution File, Format Version 12.00
# Visual Studio Version 17
VisualStudioVersion = 17.9.34622.214
MinimumVisualStudioVersion = 10.0.40219.1
Project("{9A19103F-16F7-4668-BE54-9A1E7A4F7556}") = "Core", "Core\Core.csproj", "{FFAB44FD-1F48-4FBF-88C0-C6341CDA963C}"
EndProject
Project("{9A19103F-16F7-4668-BE54-9A1E7A4F7556}") = "FileManagement", "FileManagement\FileManagement.csproj", "{03AA0740-8B4D-498A-9112-7AD82EB9CAEF}"
EndProject
Project("{2150E333-8FDC-42A3-9474-1A3956D46DE8}") = "Source", "Source", "{F03E9CFF-DE49-4C89-98D0-B4EB6DE3144D}"
EndProject
Project("{2150E333-8FDC-42A3-9474-1A3956D46DE8}") = "Tests", "Tests", "{2712D720-E2F6-4C29-AD9A-C7D3CDB13E2A}"
EndProject
Project("{9A19103F-16F7-4668-BE54-9A1E7A4F7556}") = "Tests", "Tests\Tests.csproj", "{8442D8C7-9C9E-4B45-B0B4-C12CF36862E0}"
EndProject
Project("{FAE04EC0-301F-11D3-BF4B-00C04F79EFBC}") = "UI", "UI\UI.csproj", "{F6C0C70F-829F-4D04-BE34-58D5321320EE}"
EndProject
Global
	GlobalSection(SolutionConfigurationPlatforms) = preSolution
		Debug|Any CPU = Debug|Any CPU
		Release|Any CPU = Release|Any CPU
	EndGlobalSection
	GlobalSection(ProjectConfigurationPlatforms) = postSolution
		{FFAB44FD-1F48-4FBF-88C0-C6341CDA963C}.Debug|Any CPU.ActiveCfg = Debug|Any CPU
		{FFAB44FD-1F48-4FBF-88C0-C6341CDA963C}.Debug|Any CPU.Build.0 = Debug|Any CPU
		{FFAB44FD-1F48-4FBF-88C0-C6341CDA963C}.Release|Any CPU.ActiveCfg = Release|Any CPU
		{FFAB44FD-1F48-4FBF-88C0-C6341CDA963C}.Release|Any CPU.Build.0 = Release|Any CPU
		{03AA0740-8B4D-498A-9112-7AD82EB9CAEF}.Debug|Any CPU.ActiveCfg = Debug|Any CPU
		{03AA0740-8B4D-498A-9112-7AD82EB9CAEF}.Debug|Any CPU.Build.0 = Debug|Any CPU
		{03AA0740-8B4D-498A-9112-7AD82EB9CAEF}.Release|Any CPU.ActiveCfg = Release|Any CPU
		{03AA0740-8B4D-498A-9112-7AD82EB9CAEF}.Release|Any CPU.Build.0 = Release|Any CPU
		{8442D8C7-9C9E-4B45-B0B4-C12CF36862E0}.Debug|Any CPU.ActiveCfg = Debug|Any CPU
		{8442D8C7-9C9E-4B45-B0B4-C12CF36862E0}.Debug|Any CPU.Build.0 = Debug|Any CPU
		{8442D8C7-9C9E-4B45-B0B4-C12CF36862E0}.Release|Any CPU.ActiveCfg = Release|Any CPU
		{8442D8C7-9C9E-4B45-B0B4-C12CF36862E0}.Release|Any CPU.Build.0 = Release|Any CPU
		{F6C0C70F-829F-4D04-BE34-58D5321320EE}.Debug|Any CPU.ActiveCfg = Debug|Any CPU
		{F6C0C70F-829F-4D04-BE34-58D5321320EE}.Debug|Any CPU.Build.0 = Debug|Any CPU
		{F6C0C70F-829F-4D04-BE34-58D5321320EE}.Release|Any CPU.ActiveCfg = Release|Any CPU
		{F6C0C70F-829F-4D04-BE34-58D5321320EE}.Release|Any CPU.Build.0 = Release|Any CPU
	EndGlobalSection
	GlobalSection(SolutionProperties) = preSolution
		HideSolutionNode = FALSE
	EndGlobalSection
	GlobalSection(NestedProjects) = preSolution
		{FFAB44FD-1F48-4FBF-88C0-C6341CDA963C} = {F03E9CFF-DE49-4C89-98D0-B4EB6DE3144D}
		{03AA0740-8B4D-498A-9112-7AD82EB9CAEF} = {F03E9CFF-DE49-4C89-98D0-B4EB6DE3144D}
		{8442D8C7-9C9E-4B45-B0B4-C12CF36862E0} = {2712D720-E2F6-4C29-AD9A-C7D3CDB13E2A}
		{F6C0C70F-829F-4D04-BE34-58D5321320EE} = {F03E9CFF-DE49-4C89-98D0-B4EB6DE3144D}
	EndGlobalSection
	GlobalSection(ExtensibilityGlobals) = postSolution
		SolutionGuid = {08857E9E-6017-4254-8267-3BF706B2B33A}
	EndGlobalSection
EndGlobal
